
Microsoft Visual Studio Solution File, Format Version 12.00
# Visual Studio Version 16
VisualStudioVersion = 16.0.31129.286
MinimumVisualStudioVersion = 10.0.40219.1
Project("{FAE04EC0-301F-11D3-BF4B-00C04F79EFBC}") = "CalculatorApp", "CalculatorApp\CalculatorApp.csproj", "{6DE3EF7E-E8A8-4939-BD94-74D80CFD975B}"
EndProject
Global
	GlobalSection(SolutionConfigurationPlatforms) = preSolution
		Debug|Any CPU = Debug|Any CPU
		Release|Any CPU = Release|Any CPU
	EndGlobalSection
	GlobalSection(ProjectConfigurationPlatforms) = postSolution
		{6DE3EF7E-E8A8-4939-BD94-74D80CFD975B}.Debug|Any CPU.ActiveCfg = Debug|Any CPU
		{6DE3EF7E-E8A8-4939-BD94-74D80CFD975B}.Debug|Any CPU.Build.0 = Debug|Any CPU
		{6DE3EF7E-E8A8-4939-BD94-74D80CFD975B}.Release|Any CPU.ActiveCfg = Release|Any CPU
		{6DE3EF7E-E8A8-4939-BD94-74D80CFD975B}.Release|Any CPU.Build.0 = Release|Any CPU
	EndGlobalSection
	GlobalSection(SolutionProperties) = preSolution
		HideSolutionNode = FALSE
	EndGlobalSection
	GlobalSection(ExtensibilityGlobals) = postSolution
		SolutionGuid = {237D90D5-B3C2-416C-8E0A-45651D29FB8D}
	EndGlobalSection
EndGlobal
